
Microsoft Visual Studio Solution File, Format Version 12.00
# Visual Studio Version 17
VisualStudioVersion = 17.11.35222.181
MinimumVisualStudioVersion = 10.0.40219.1
Project("{9A19103F-16F7-4668-BE54-9A1E7A4F7556}") = "PropertyManagerWeb", "PropertyManagerWeb.csproj", "{72B0F003-4CB0-4329-A736-7FF598D8AE6D}"
EndProject
Global
	GlobalSection(SolutionConfigurationPlatforms) = preSolution
		Debug|Any CPU = Debug|Any CPU
		Release|Any CPU = Release|Any CPU
	EndGlobalSection
	GlobalSection(ProjectConfigurationPlatforms) = postSolution
		{72B0F003-4CB0-4329-A736-7FF598D8AE6D}.Debug|Any CPU.ActiveCfg = Debug|Any CPU
		{72B0F003-4CB0-4329-A736-7FF598D8AE6D}.Debug|Any CPU.Build.0 = Debug|Any CPU
		{72B0F003-4CB0-4329-A736-7FF598D8AE6D}.Release|Any CPU.ActiveCfg = Release|Any CPU
		{72B0F003-4CB0-4329-A736-7FF598D8AE6D}.Release|Any CPU.Build.0 = Release|Any CPU
	EndGlobalSection
	GlobalSection(SolutionProperties) = preSolution
		HideSolutionNode = FALSE
	EndGlobalSection
	GlobalSection(ExtensibilityGlobals) = postSolution
		SolutionGuid = {1EF0D490-EBD0-4858-8844-534C5986E6F2}
	EndGlobalSection
EndGlobal
